
Microsoft Visual Studio Solution File, Format Version 12.00
# Visual Studio Version 16
VisualStudioVersion = 16.0.30002.166
MinimumVisualStudioVersion = 10.0.40219.1
Project("{FAE04EC0-301F-11D3-BF4B-00C04F79EFBC}") = "PartyInvites", "PartyInvites\PartyInvites.csproj", "{1CE1A42C-8B4B-4238-876F-858536AADD52}"
EndProject
Global
	GlobalSection(SolutionConfigurationPlatforms) = preSolution
		Debug|Any CPU = Debug|Any CPU
		Release|Any CPU = Release|Any CPU
	EndGlobalSection
	GlobalSection(ProjectConfigurationPlatforms) = postSolution
		{1CE1A42C-8B4B-4238-876F-858536AADD52}.Debug|Any CPU.ActiveCfg = Debug|Any CPU
		{1CE1A42C-8B4B-4238-876F-858536AADD52}.Debug|Any CPU.Build.0 = Debug|Any CPU
		{1CE1A42C-8B4B-4238-876F-858536AADD52}.Release|Any CPU.ActiveCfg = Release|Any CPU
		{1CE1A42C-8B4B-4238-876F-858536AADD52}.Release|Any CPU.Build.0 = Release|Any CPU
	EndGlobalSection
	GlobalSection(SolutionProperties) = preSolution
		HideSolutionNode = FALSE
	EndGlobalSection
	GlobalSection(ExtensibilityGlobals) = postSolution
		SolutionGuid = {D51ED89C-653E-440D-8A7C-677A6F7538D6}
	EndGlobalSection
EndGlobal
